// !$*UTF8*$!
{
	archiveVersion = 1;
	classes = {
	};
	objectVersion = 55;
	objects = {

/* Begin PBXBuildFile section */
		2D26B0DCE01D946BC795A2F6 /* Pods_Flix_FlixUITests.framework in Frameworks */ = {isa = PBXBuildFile; fileRef = 87D11FEC03A0F4E275F117B9 /* Pods_Flix_FlixUITests.framework */; };
		37B19EEF3F37141A64B24EFA /* Pods_Flix.framework in Frameworks */ = {isa = PBXBuildFile; fileRef = ED5CDE70910EEFB1E06BDC3E /* Pods_Flix.framework */; };
		69974CFB211C61FF0229A63E /* Pods_FlixTests.framework in Frameworks */ = {isa = PBXBuildFile; fileRef = 35B8E871333B372FFEC0537E /* Pods_FlixTests.framework */; };
		9C90882B279E2B720037DD33 /* AppDelegate.swift in Sources */ = {isa = PBXBuildFile; fileRef = 9C90882A279E2B720037DD33 /* AppDelegate.swift */; };
		9C90882D279E2B720037DD33 /* SceneDelegate.swift in Sources */ = {isa = PBXBuildFile; fileRef = 9C90882C279E2B720037DD33 /* SceneDelegate.swift */; };
		9C90882F279E2B720037DD33 /* ViewController.swift in Sources */ = {isa = PBXBuildFile; fileRef = 9C90882E279E2B720037DD33 /* ViewController.swift */; };
		9C908832279E2B720037DD33 /* Main.storyboard in Resources */ = {isa = PBXBuildFile; fileRef = 9C908830279E2B720037DD33 /* Main.storyboard */; };
		9C908834279E2B730037DD33 /* Assets.xcassets in Resources */ = {isa = PBXBuildFile; fileRef = 9C908833279E2B730037DD33 /* Assets.xcassets */; };
		9C908837279E2B730037DD33 /* LaunchScreen.storyboard in Resources */ = {isa = PBXBuildFile; fileRef = 9C908835279E2B730037DD33 /* LaunchScreen.storyboard */; };
		9C908842279E2B730037DD33 /* FlixTests.swift in Sources */ = {isa = PBXBuildFile; fileRef = 9C908841279E2B730037DD33 /* FlixTests.swift */; };
		9C90884C279E2B730037DD33 /* FlixUITests.swift in Sources */ = {isa = PBXBuildFile; fileRef = 9C90884B279E2B730037DD33 /* FlixUITests.swift */; };
		9C90884E279E2B730037DD33 /* FlixUITestsLaunchTests.swift in Sources */ = {isa = PBXBuildFile; fileRef = 9C90884D279E2B730037DD33 /* FlixUITestsLaunchTests.swift */; };
		9C90885B279E363B0037DD33 /* MovieCell.swift in Sources */ = {isa = PBXBuildFile; fileRef = 9C90885A279E363B0037DD33 /* MovieCell.swift */; };
		9C90885E279E39650037DD33 /* AlamofireImage in Frameworks */ = {isa = PBXBuildFile; productRef = 9C90885D279E39650037DD33 /* AlamofireImage */; };
		9C908862279F5CA60037DD33 /* MovieDetailsViewController.swift in Sources */ = {isa = PBXBuildFile; fileRef = 9C908861279F5CA60037DD33 /* MovieDetailsViewController.swift */; };
		9C90886427A11D8C0037DD33 /* MovieGridViewController.swift in Sources */ = {isa = PBXBuildFile; fileRef = 9C90886327A11D8C0037DD33 /* MovieGridViewController.swift */; };
		9C90886627A1242B0037DD33 /* MovieGridCell.swift in Sources */ = {isa = PBXBuildFile; fileRef = 9C90886527A1242B0037DD33 /* MovieGridCell.swift */; };
/* End PBXBuildFile section */

/* Begin PBXContainerItemProxy section */
		9C90883E279E2B730037DD33 /* PBXContainerItemProxy */ = {
			isa = PBXContainerItemProxy;
			containerPortal = 9C90881F279E2B720037DD33 /* Project object */;
			proxyType = 1;
			remoteGlobalIDString = 9C908826279E2B720037DD33;
			remoteInfo = Flix;
		};
		9C908848279E2B730037DD33 /* PBXContainerItemProxy */ = {
			isa = PBXContainerItemProxy;
			containerPortal = 9C90881F279E2B720037DD33 /* Project object */;
			proxyType = 1;
			remoteGlobalIDString = 9C908826279E2B720037DD33;
			remoteInfo = Flix;
		};
/* End PBXContainerItemProxy section */

/* Begin PBXFileReference section */
		0892514FBF06F0B9EFD26551 /* Pods-Flix.release.xcconfig */ = {isa = PBXFileReference; includeInIndex = 1; lastKnownFileType = text.xcconfig; name = "Pods-Flix.release.xcconfig"; path = "Target Support Files/Pods-Flix/Pods-Flix.release.xcconfig"; sourceTree = "<group>"; };
		16775E7C4EA426A6DEC3D0EF /* Pods-Flix-FlixUITests.release.xcconfig */ = {isa = PBXFileReference; includeInIndex = 1; lastKnownFileType = text.xcconfig; name = "Pods-Flix-FlixUITests.release.xcconfig"; path = "Target Support Files/Pods-Flix-FlixUITests/Pods-Flix-FlixUITests.release.xcconfig"; sourceTree = "<group>"; };
		35B8E871333B372FFEC0537E /* Pods_FlixTests.framework */ = {isa = PBXFileReference; explicitFileType = wrapper.framework; includeInIndex = 0; path = Pods_FlixTests.framework; sourceTree = BUILT_PRODUCTS_DIR; };
		420391F3C4324C217AA8A700 /* Pods-FlixTests.release.xcconfig */ = {isa = PBXFileReference; includeInIndex = 1; lastKnownFileType = text.xcconfig; name = "Pods-FlixTests.release.xcconfig"; path = "Target Support Files/Pods-FlixTests/Pods-FlixTests.release.xcconfig"; sourceTree = "<group>"; };
		52A72BF3129EA9BF41B4A6D9 /* Pods-Flix-FlixUITests.debug.xcconfig */ = {isa = PBXFileReference; includeInIndex = 1; lastKnownFileType = text.xcconfig; name = "Pods-Flix-FlixUITests.debug.xcconfig"; path = "Target Support Files/Pods-Flix-FlixUITests/Pods-Flix-FlixUITests.debug.xcconfig"; sourceTree = "<group>"; };
		6A5F22850270F53FAC4CBBC7 /* Pods-Flix.debug.xcconfig */ = {isa = PBXFileReference; includeInIndex = 1; lastKnownFileType = text.xcconfig; name = "Pods-Flix.debug.xcconfig"; path = "Target Support Files/Pods-Flix/Pods-Flix.debug.xcconfig"; sourceTree = "<group>"; };
		87D11FEC03A0F4E275F117B9 /* Pods_Flix_FlixUITests.framework */ = {isa = PBXFileReference; explicitFileType = wrapper.framework; includeInIndex = 0; path = Pods_Flix_FlixUITests.framework; sourceTree = BUILT_PRODUCTS_DIR; };
		9C908827279E2B720037DD33 /* Flix.app */ = {isa = PBXFileReference; explicitFileType = wrapper.application; includeInIndex = 0; path = Flix.app; sourceTree = BUILT_PRODUCTS_DIR; };
		9C90882A279E2B720037DD33 /* AppDelegate.swift */ = {isa = PBXFileReference; lastKnownFileType = sourcecode.swift; path = AppDelegate.swift; sourceTree = "<group>"; };
		9C90882C279E2B720037DD33 /* SceneDelegate.swift */ = {isa = PBXFileReference; lastKnownFileType = sourcecode.swift; path = SceneDelegate.swift; sourceTree = "<group>"; };
		9C90882E279E2B720037DD33 /* ViewController.swift */ = {isa = PBXFileReference; lastKnownFileType = sourcecode.swift; path = ViewController.swift; sourceTree = "<group>"; };
		9C908831279E2B720037DD33 /* Base */ = {isa = PBXFileReference; lastKnownFileType = file.storyboard; name = Base; path = Base.lproj/Main.storyboard; sourceTree = "<group>"; };
		9C908833279E2B730037DD33 /* Assets.xcassets */ = {isa = PBXFileReference; lastKnownFileType = folder.assetcatalog; path = Assets.xcassets; sourceTree = "<group>"; };
		9C908836279E2B730037DD33 /* Base */ = {isa = PBXFileReference; lastKnownFileType = file.storyboard; name = Base; path = Base.lproj/LaunchScreen.storyboard; sourceTree = "<group>"; };
		9C908838279E2B730037DD33 /* Info.plist */ = {isa = PBXFileReference; lastKnownFileType = text.plist.xml; path = Info.plist; sourceTree = "<group>"; };
		9C90883D279E2B730037DD33 /* FlixTests.xctest */ = {isa = PBXFileReference; explicitFileType = wrapper.cfbundle; includeInIndex = 0; path = FlixTests.xctest; sourceTree = BUILT_PRODUCTS_DIR; };
		9C908841279E2B730037DD33 /* FlixTests.swift */ = {isa = PBXFileReference; lastKnownFileType = sourcecode.swift; path = FlixTests.swift; sourceTree = "<group>"; };
		9C908847279E2B730037DD33 /* FlixUITests.xctest */ = {isa = PBXFileReference; explicitFileType = wrapper.cfbundle; includeInIndex = 0; path = FlixUITests.xctest; sourceTree = BUILT_PRODUCTS_DIR; };
		9C90884B279E2B730037DD33 /* FlixUITests.swift */ = {isa = PBXFileReference; lastKnownFileType = sourcecode.swift; path = FlixUITests.swift; sourceTree = "<group>"; };
		9C90884D279E2B730037DD33 /* FlixUITestsLaunchTests.swift */ = {isa = PBXFileReference; lastKnownFileType = sourcecode.swift; path = FlixUITestsLaunchTests.swift; sourceTree = "<group>"; };
		9C90885A279E363B0037DD33 /* MovieCell.swift */ = {isa = PBXFileReference; lastKnownFileType = sourcecode.swift; path = MovieCell.swift; sourceTree = "<group>"; };
		9C908861279F5CA60037DD33 /* MovieDetailsViewController.swift */ = {isa = PBXFileReference; lastKnownFileType = sourcecode.swift; path = MovieDetailsViewController.swift; sourceTree = "<group>"; };
		9C90886327A11D8C0037DD33 /* MovieGridViewController.swift */ = {isa = PBXFileReference; lastKnownFileType = sourcecode.swift; path = MovieGridViewController.swift; sourceTree = "<group>"; };
		9C90886527A1242B0037DD33 /* MovieGridCell.swift */ = {isa = PBXFileReference; lastKnownFileType = sourcecode.swift; path = MovieGridCell.swift; sourceTree = "<group>"; };
		B49B9093B5E598C55F996D15 /* Pods-FlixTests.debug.xcconfig */ = {isa = PBXFileReference; includeInIndex = 1; lastKnownFileType = text.xcconfig; name = "Pods-FlixTests.debug.xcconfig"; path = "Target Support Files/Pods-FlixTests/Pods-FlixTests.debug.xcconfig"; sourceTree = "<group>"; };
		ED5CDE70910EEFB1E06BDC3E /* Pods_Flix.framework */ = {isa = PBXFileReference; explicitFileType = wrapper.framework; includeInIndex = 0; path = Pods_Flix.framework; sourceTree = BUILT_PRODUCTS_DIR; };
/* End PBXFileReference section */

/* Begin PBXFrameworksBuildPhase section */
		9C908824279E2B720037DD33 /* Frameworks */ = {
			isa = PBXFrameworksBuildPhase;
			buildActionMask = 2147483647;
			files = (
				9C90885E279E39650037DD33 /* AlamofireImage in Frameworks */,
				37B19EEF3F37141A64B24EFA /* Pods_Flix.framework in Frameworks */,
			);
			runOnlyForDeploymentPostprocessing = 0;
		};
		9C90883A279E2B730037DD33 /* Frameworks */ = {
			isa = PBXFrameworksBuildPhase;
			buildActionMask = 2147483647;
			files = (
				69974CFB211C61FF0229A63E /* Pods_FlixTests.framework in Frameworks */,
			);
			runOnlyForDeploymentPostprocessing = 0;
		};
		9C908844279E2B730037DD33 /* Frameworks */ = {
			isa = PBXFrameworksBuildPhase;
			buildActionMask = 2147483647;
			files = (
				2D26B0DCE01D946BC795A2F6 /* Pods_Flix_FlixUITests.framework in Frameworks */,
			);
			runOnlyForDeploymentPostprocessing = 0;
		};
/* End PBXFrameworksBuildPhase section */

/* Begin PBXGroup section */
		4F36466B6999ED4478E5C357 /* Frameworks */ = {
			isa = PBXGroup;
			children = (
				ED5CDE70910EEFB1E06BDC3E /* Pods_Flix.framework */,
				87D11FEC03A0F4E275F117B9 /* Pods_Flix_FlixUITests.framework */,
				35B8E871333B372FFEC0537E /* Pods_FlixTests.framework */,
			);
			name = Frameworks;
			sourceTree = "<group>";
		};
		9C90881E279E2B720037DD33 = {
			isa = PBXGroup;
			children = (
				9C908829279E2B720037DD33 /* Flix */,
				9C908840279E2B730037DD33 /* FlixTests */,
				9C90884A279E2B730037DD33 /* FlixUITests */,
				9C908828279E2B720037DD33 /* Products */,
				F93D47790C64A0EB60FCE34E /* Pods */,
				4F36466B6999ED4478E5C357 /* Frameworks */,
			);
			sourceTree = "<group>";
		};
		9C908828279E2B720037DD33 /* Products */ = {
			isa = PBXGroup;
			children = (
				9C908827279E2B720037DD33 /* Flix.app */,
				9C90883D279E2B730037DD33 /* FlixTests.xctest */,
				9C908847279E2B730037DD33 /* FlixUITests.xctest */,
			);
			name = Products;
			sourceTree = "<group>";
		};
		9C908829279E2B720037DD33 /* Flix */ = {
			isa = PBXGroup;
			children = (
				9C90882A279E2B720037DD33 /* AppDelegate.swift */,
				9C90882C279E2B720037DD33 /* SceneDelegate.swift */,
				9C90882E279E2B720037DD33 /* ViewController.swift */,
				9C90886527A1242B0037DD33 /* MovieGridCell.swift */,
				9C908830279E2B720037DD33 /* Main.storyboard */,
				9C90885A279E363B0037DD33 /* MovieCell.swift */,
				9C908833279E2B730037DD33 /* Assets.xcassets */,
				9C90886327A11D8C0037DD33 /* MovieGridViewController.swift */,
				9C908835279E2B730037DD33 /* LaunchScreen.storyboard */,
				9C908838279E2B730037DD33 /* Info.plist */,
				9C908861279F5CA60037DD33 /* MovieDetailsViewController.swift */,
			);
			path = Flix;
			sourceTree = "<group>";
		};
		9C908840279E2B730037DD33 /* FlixTests */ = {
			isa = PBXGroup;
			children = (
				9C908841279E2B730037DD33 /* FlixTests.swift */,
			);
			path = FlixTests;
			sourceTree = "<group>";
		};
		9C90884A279E2B730037DD33 /* FlixUITests */ = {
			isa = PBXGroup;
			children = (
				9C90884B279E2B730037DD33 /* FlixUITests.swift */,
				9C90884D279E2B730037DD33 /* FlixUITestsLaunchTests.swift */,
			);
			path = FlixUITests;
			sourceTree = "<group>";
		};
		F93D47790C64A0EB60FCE34E /* Pods */ = {
			isa = PBXGroup;
			children = (
				6A5F22850270F53FAC4CBBC7 /* Pods-Flix.debug.xcconfig */,
				0892514FBF06F0B9EFD26551 /* Pods-Flix.release.xcconfig */,
				52A72BF3129EA9BF41B4A6D9 /* Pods-Flix-FlixUITests.debug.xcconfig */,
				16775E7C4EA426A6DEC3D0EF /* Pods-Flix-FlixUITests.release.xcconfig */,
				B49B9093B5E598C55F996D15 /* Pods-FlixTests.debug.xcconfig */,
				420391F3C4324C217AA8A700 /* Pods-FlixTests.release.xcconfig */,
			);
			path = Pods;
			sourceTree = "<group>";
		};
/* End PBXGroup section */

/* Begin PBXNativeTarget section */
		9C908826279E2B720037DD33 /* Flix */ = {
			isa = PBXNativeTarget;
			buildConfigurationList = 9C908851279E2B730037DD33 /* Build configuration list for PBXNativeTarget "Flix" */;
			buildPhases = (
				70482A65C64FE5877E13E8D3 /* [CP] Check Pods Manifest.lock */,
				9C908823279E2B720037DD33 /* Sources */,
				9C908824279E2B720037DD33 /* Frameworks */,
				9C908825279E2B720037DD33 /* Resources */,
				6452E00ACDFE710FD278EF4F /* [CP] Embed Pods Frameworks */,
			);
			buildRules = (
			);
			dependencies = (
			);
			name = Flix;
			packageProductDependencies = (
				9C90885D279E39650037DD33 /* AlamofireImage */,
			);
			productName = Flix;
			productReference = 9C908827279E2B720037DD33 /* Flix.app */;
			productType = "com.apple.product-type.application";
		};
		9C90883C279E2B730037DD33 /* FlixTests */ = {
			isa = PBXNativeTarget;
			buildConfigurationList = 9C908854279E2B730037DD33 /* Build configuration list for PBXNativeTarget "FlixTests" */;
			buildPhases = (
				69B2C044759F71D6AE14C4F7 /* [CP] Check Pods Manifest.lock */,
				9C908839279E2B730037DD33 /* Sources */,
				9C90883A279E2B730037DD33 /* Frameworks */,
				9C90883B279E2B730037DD33 /* Resources */,
			);
			buildRules = (
			);
			dependencies = (
				9C90883F279E2B730037DD33 /* PBXTargetDependency */,
			);
			name = FlixTests;
			productName = FlixTests;
			productReference = 9C90883D279E2B730037DD33 /* FlixTests.xctest */;
			productType = "com.apple.product-type.bundle.unit-test";
		};
		9C908846279E2B730037DD33 /* FlixUITests */ = {
			isa = PBXNativeTarget;
			buildConfigurationList = 9C908857279E2B730037DD33 /* Build configuration list for PBXNativeTarget "FlixUITests" */;
			buildPhases = (
				F40D68CD7E964993A854C78F /* [CP] Check Pods Manifest.lock */,
				9C908843279E2B730037DD33 /* Sources */,
				9C908844279E2B730037DD33 /* Frameworks */,
				9C908845279E2B730037DD33 /* Resources */,
				E962EF90A777B8DCE8CDE084 /* [CP] Embed Pods Frameworks */,
			);
			buildRules = (
			);
			dependencies = (
				9C908849279E2B730037DD33 /* PBXTargetDependency */,
			);
			name = FlixUITests;
			productName = FlixUITests;
			productReference = 9C908847279E2B730037DD33 /* FlixUITests.xctest */;
			productType = "com.apple.product-type.bundle.ui-testing";
		};
/* End PBXNativeTarget section */

/* Begin PBXProject section */
		9C90881F279E2B720037DD33 /* Project object */ = {
			isa = PBXProject;
			attributes = {
				BuildIndependentTargetsInParallel = 1;
				LastSwiftUpdateCheck = 1320;
				LastUpgradeCheck = 1320;
				TargetAttributes = {
					9C908826279E2B720037DD33 = {
						CreatedOnToolsVersion = 13.2.1;
					};
					9C90883C279E2B730037DD33 = {
						CreatedOnToolsVersion = 13.2.1;
						TestTargetID = 9C908826279E2B720037DD33;
					};
					9C908846279E2B730037DD33 = {
						CreatedOnToolsVersion = 13.2.1;
						TestTargetID = 9C908826279E2B720037DD33;
					};
				};
			};
			buildConfigurationList = 9C908822279E2B720037DD33 /* Build configuration list for PBXProject "Flix" */;
			compatibilityVersion = "Xcode 13.0";
			developmentRegion = en;
			hasScannedForEncodings = 0;
			knownRegions = (
				en,
				Base,
			);
			mainGroup = 9C90881E279E2B720037DD33;
			packageReferences = (
				9C90885C279E39650037DD33 /* XCRemoteSwiftPackageReference "AlamofireImage" */,
			);
			productRefGroup = 9C908828279E2B720037DD33 /* Products */;
			projectDirPath = "";
			projectRoot = "";
			targets = (
				9C908826279E2B720037DD33 /* Flix */,
				9C90883C279E2B730037DD33 /* FlixTests */,
				9C908846279E2B730037DD33 /* FlixUITests */,
			);
		};
/* End PBXProject section */

/* Begin PBXResourcesBuildPhase section */
		9C908825279E2B720037DD33 /* Resources */ = {
			isa = PBXResourcesBuildPhase;
			buildActionMask = 2147483647;
			files = (
				9C908837279E2B730037DD33 /* LaunchScreen.storyboard in Resources */,
				9C908834279E2B730037DD33 /* Assets.xcassets in Resources */,
				9C908832279E2B720037DD33 /* Main.storyboard in Resources */,
			);
			runOnlyForDeploymentPostprocessing = 0;
		};
		9C90883B279E2B730037DD33 /* Resources */ = {
			isa = PBXResourcesBuildPhase;
			buildActionMask = 2147483647;
			files = (
			);
			runOnlyForDeploymentPostprocessing = 0;
		};
		9C908845279E2B730037DD33 /* Resources */ = {
			isa = PBXResourcesBuildPhase;
			buildActionMask = 2147483647;
			files = (
			);
			runOnlyForDeploymentPostprocessing = 0;
		};
/* End PBXResourcesBuildPhase section */

/* Begin PBXShellScriptBuildPhase section */
		6452E00ACDFE710FD278EF4F /* [CP] Embed Pods Frameworks */ = {
			isa = PBXShellScriptBuildPhase;
			buildActionMask = 2147483647;
			files = (
			);
			inputFileListPaths = (
				"${PODS_ROOT}/Target Support Files/Pods-Flix/Pods-Flix-frameworks-${CONFIGURATION}-input-files.xcfilelist",
			);
			name = "[CP] Embed Pods Frameworks";
			outputFileListPaths = (
				"${PODS_ROOT}/Target Support Files/Pods-Flix/Pods-Flix-frameworks-${CONFIGURATION}-output-files.xcfilelist",
			);
			runOnlyForDeploymentPostprocessing = 0;
			shellPath = /bin/sh;
			shellScript = "\"${PODS_ROOT}/Target Support Files/Pods-Flix/Pods-Flix-frameworks.sh\"\n";
			showEnvVarsInLog = 0;
		};
		69B2C044759F71D6AE14C4F7 /* [CP] Check Pods Manifest.lock */ = {
			isa = PBXShellScriptBuildPhase;
			buildActionMask = 2147483647;
			files = (
			);
			inputFileListPaths = (
			);
			inputPaths = (
				"${PODS_PODFILE_DIR_PATH}/Podfile.lock",
				"${PODS_ROOT}/Manifest.lock",
			);
			name = "[CP] Check Pods Manifest.lock";
			outputFileListPaths = (
			);
			outputPaths = (
				"$(DERIVED_FILE_DIR)/Pods-FlixTests-checkManifestLockResult.txt",
			);
			runOnlyForDeploymentPostprocessing = 0;
			shellPath = /bin/sh;
			shellScript = "diff \"${PODS_PODFILE_DIR_PATH}/Podfile.lock\" \"${PODS_ROOT}/Manifest.lock\" > /dev/null\nif [ $? != 0 ] ; then\n    # print error to STDERR\n    echo \"error: The sandbox is not in sync with the Podfile.lock. Run 'pod install' or update your CocoaPods installation.\" >&2\n    exit 1\nfi\n# This output is used by Xcode 'outputs' to avoid re-running this script phase.\necho \"SUCCESS\" > \"${SCRIPT_OUTPUT_FILE_0}\"\n";
			showEnvVarsInLog = 0;
		};
		70482A65C64FE5877E13E8D3 /* [CP] Check Pods Manifest.lock */ = {
			isa = PBXShellScriptBuildPhase;
			buildActionMask = 2147483647;
			files = (
			);
			inputFileListPaths = (
			);
			inputPaths = (
				"${PODS_PODFILE_DIR_PATH}/Podfile.lock",
				"${PODS_ROOT}/Manifest.lock",
			);
			name = "[CP] Check Pods Manifest.lock";
			outputFileListPaths = (
			);
			outputPaths = (
				"$(DERIVED_FILE_DIR)/Pods-Flix-checkManifestLockResult.txt",
			);
			runOnlyForDeploymentPostprocessing = 0;
			shellPath = /bin/sh;
			shellScript = "diff \"${PODS_PODFILE_DIR_PATH}/Podfile.lock\" \"${PODS_ROOT}/Manifest.lock\" > /dev/null\nif [ $? != 0 ] ; then\n    # print error to STDERR\n    echo \"error: The sandbox is not in sync with the Podfile.lock. Run 'pod install' or update your CocoaPods installation.\" >&2\n    exit 1\nfi\n# This output is used by Xcode 'outputs' to avoid re-running this script phase.\necho \"SUCCESS\" > \"${SCRIPT_OUTPUT_FILE_0}\"\n";
			showEnvVarsInLog = 0;
		};
		E962EF90A777B8DCE8CDE084 /* [CP] Embed Pods Frameworks */ = {
			isa = PBXShellScriptBuildPhase;
			buildActionMask = 2147483647;
			files = (
			);
			inputFileListPaths = (
				"${PODS_ROOT}/Target Support Files/Pods-Flix-FlixUITests/Pods-Flix-FlixUITests-frameworks-${CONFIGURATION}-input-files.xcfilelist",
			);
			name = "[CP] Embed Pods Frameworks";
			outputFileListPaths = (
				"${PODS_ROOT}/Target Support Files/Pods-Flix-FlixUITests/Pods-Flix-FlixUITests-frameworks-${CONFIGURATION}-output-files.xcfilelist",
			);
			runOnlyForDeploymentPostprocessing = 0;
			shellPath = /bin/sh;
			shellScript = "\"${PODS_ROOT}/Target Support Files/Pods-Flix-FlixUITests/Pods-Flix-FlixUITests-frameworks.sh\"\n";
			showEnvVarsInLog = 0;
		};
		F40D68CD7E964993A854C78F /* [CP] Check Pods Manifest.lock */ = {
			isa = PBXShellScriptBuildPhase;
			buildActionMask = 2147483647;
			files = (
			);
			inputFileListPaths = (
			);
			inputPaths = (
				"${PODS_PODFILE_DIR_PATH}/Podfile.lock",
				"${PODS_ROOT}/Manifest.lock",
			);
			name = "[CP] Check Pods Manifest.lock";
			outputFileListPaths = (
			);
			outputPaths = (
				"$(DERIVED_FILE_DIR)/Pods-Flix-FlixUITests-checkManifestLockResult.txt",
			);
			runOnlyForDeploymentPostprocessing = 0;
			shellPath = /bin/sh;
			shellScript = "diff \"${PODS_PODFILE_DIR_PATH}/Podfile.lock\" \"${PODS_ROOT}/Manifest.lock\" > /dev/null\nif [ $? != 0 ] ; then\n    # print error to STDERR\n    echo \"error: The sandbox is not in sync with the Podfile.lock. Run 'pod install' or update your CocoaPods installation.\" >&2\n    exit 1\nfi\n# This output is used by Xcode 'outputs' to avoid re-running this script phase.\necho \"SUCCESS\" > \"${SCRIPT_OUTPUT_FILE_0}\"\n";
			showEnvVarsInLog = 0;
		};
/* End PBXShellScriptBuildPhase section */

/* Begin PBXSourcesBuildPhase section */
		9C908823279E2B720037DD33 /* Sources */ = {
			isa = PBXSourcesBuildPhase;
			buildActionMask = 2147483647;
			files = (
				9C908862279F5CA60037DD33 /* MovieDetailsViewController.swift in Sources */,
				9C90882F279E2B720037DD33 /* ViewController.swift in Sources */,
				9C90882B279E2B720037DD33 /* AppDelegate.swift in Sources */,
				9C90885B279E363B0037DD33 /* MovieCell.swift in Sources */,
				9C90882D279E2B720037DD33 /* SceneDelegate.swift in Sources */,
				9C90886427A11D8C0037DD33 /* MovieGridViewController.swift in Sources */,
				9C90886627A1242B0037DD33 /* MovieGridCell.swift in Sources */,
			);
			runOnlyForDeploymentPostprocessing = 0;
		};
		9C908839279E2B730037DD33 /* Sources */ = {
			isa = PBXSourcesBuildPhase;
			buildActionMask = 2147483647;
			files = (
				9C908842279E2B730037DD33 /* FlixTests.swift in Sources */,
			);
			runOnlyForDeploymentPostprocessing = 0;
		};
		9C908843279E2B730037DD33 /* Sources */ = {
			isa = PBXSourcesBuildPhase;
			buildActionMask = 2147483647;
			files = (
				9C90884C279E2B730037DD33 /* FlixUITests.swift in Sources */,
				9C90884E279E2B730037DD33 /* FlixUITestsLaunchTests.swift in Sources */,
			);
			runOnlyForDeploymentPostprocessing = 0;
		};
/* End PBXSourcesBuildPhase section */

/* Begin PBXTargetDependency section */
		9C90883F279E2B730037DD33 /* PBXTargetDependency */ = {
			isa = PBXTargetDependency;
			target = 9C908826279E2B720037DD33 /* Flix */;
			targetProxy = 9C90883E279E2B730037DD33 /* PBXContainerItemProxy */;
		};
		9C908849279E2B730037DD33 /* PBXTargetDependency */ = {
			isa = PBXTargetDependency;
			target = 9C908826279E2B720037DD33 /* Flix */;
			targetProxy = 9C908848279E2B730037DD33 /* PBXContainerItemProxy */;
		};
/* End PBXTargetDependency section */

/* Begin PBXVariantGroup section */
		9C908830279E2B720037DD33 /* Main.storyboard */ = {
			isa = PBXVariantGroup;
			children = (
				9C908831279E2B720037DD33 /* Base */,
			);
			name = Main.storyboard;
			sourceTree = "<group>";
		};
		9C908835279E2B730037DD33 /* LaunchScreen.storyboard */ = {
			isa = PBXVariantGroup;
			children = (
				9C908836279E2B730037DD33 /* Base */,
			);
			name = LaunchScreen.storyboard;
			sourceTree = "<group>";
		};
/* End PBXVariantGroup section */

/* Begin XCBuildConfiguration section */
		9C90884F279E2B730037DD33 /* Debug */ = {
			isa = XCBuildConfiguration;
			buildSettings = {
				ALWAYS_SEARCH_USER_PATHS = NO;
				CLANG_ANALYZER_NONNULL = YES;
				CLANG_ANALYZER_NUMBER_OBJECT_CONVERSION = YES_AGGRESSIVE;
				CLANG_CXX_LANGUAGE_STANDARD = "gnu++17";
				CLANG_CXX_LIBRARY = "libc++";
				CLANG_ENABLE_MODULES = YES;
				CLANG_ENABLE_OBJC_ARC = YES;
				CLANG_ENABLE_OBJC_WEAK = YES;
				CLANG_WARN_BLOCK_CAPTURE_AUTORELEASING = YES;
				CLANG_WARN_BOOL_CONVERSION = YES;
				CLANG_WARN_COMMA = YES;
				CLANG_WARN_CONSTANT_CONVERSION = YES;
				CLANG_WARN_DEPRECATED_OBJC_IMPLEMENTATIONS = YES;
				CLANG_WARN_DIRECT_OBJC_ISA_USAGE = YES_ERROR;
				CLANG_WARN_DOCUMENTATION_COMMENTS = YES;
				CLANG_WARN_EMPTY_BODY = YES;
				CLANG_WARN_ENUM_CONVERSION = YES;
				CLANG_WARN_INFINITE_RECURSION = YES;
				CLANG_WARN_INT_CONVERSION = YES;
				CLANG_WARN_NON_LITERAL_NULL_CONVERSION = YES;
				CLANG_WARN_OBJC_IMPLICIT_RETAIN_SELF = YES;
				CLANG_WARN_OBJC_LITERAL_CONVERSION = YES;
				CLANG_WARN_OBJC_ROOT_CLASS = YES_ERROR;
				CLANG_WARN_QUOTED_INCLUDE_IN_FRAMEWORK_HEADER = YES;
				CLANG_WARN_RANGE_LOOP_ANALYSIS = YES;
				CLANG_WARN_STRICT_PROTOTYPES = YES;
				CLANG_WARN_SUSPICIOUS_MOVE = YES;
				CLANG_WARN_UNGUARDED_AVAILABILITY = YES_AGGRESSIVE;
				CLANG_WARN_UNREACHABLE_CODE = YES;
				CLANG_WARN__DUPLICATE_METHOD_MATCH = YES;
				COPY_PHASE_STRIP = NO;
				DEBUG_INFORMATION_FORMAT = dwarf;
				ENABLE_STRICT_OBJC_MSGSEND = YES;
				ENABLE_TESTABILITY = YES;
				GCC_C_LANGUAGE_STANDARD = gnu11;
				GCC_DYNAMIC_NO_PIC = NO;
				GCC_NO_COMMON_BLOCKS = YES;
				GCC_OPTIMIZATION_LEVEL = 0;
				GCC_PREPROCESSOR_DEFINITIONS = (
					"DEBUG=1",
					"$(inherited)",
				);
				GCC_WARN_64_TO_32_BIT_CONVERSION = YES;
				GCC_WARN_ABOUT_RETURN_TYPE = YES_ERROR;
				GCC_WARN_UNDECLARED_SELECTOR = YES;
				GCC_WARN_UNINITIALIZED_AUTOS = YES_AGGRESSIVE;
				GCC_WARN_UNUSED_FUNCTION = YES;
				GCC_WARN_UNUSED_VARIABLE = YES;
				IPHONEOS_DEPLOYMENT_TARGET = 15.2;
				MTL_ENABLE_DEBUG_INFO = INCLUDE_SOURCE;
				MTL_FAST_MATH = YES;
				ONLY_ACTIVE_ARCH = YES;
				SDKROOT = iphoneos;
				SWIFT_ACTIVE_COMPILATION_CONDITIONS = DEBUG;
				SWIFT_OPTIMIZATION_LEVEL = "-Onone";
			};
			name = Debug;
		};
		9C908850279E2B730037DD33 /* Release */ = {
			isa = XCBuildConfiguration;
			buildSettings = {
				ALWAYS_SEARCH_USER_PATHS = NO;
				CLANG_ANALYZER_NONNULL = YES;
				CLANG_ANALYZER_NUMBER_OBJECT_CONVERSION = YES_AGGRESSIVE;
				CLANG_CXX_LANGUAGE_STANDARD = "gnu++17";
				CLANG_CXX_LIBRARY = "libc++";
				CLANG_ENABLE_MODULES = YES;
				CLANG_ENABLE_OBJC_ARC = YES;
				CLANG_ENABLE_OBJC_WEAK = YES;
				CLANG_WARN_BLOCK_CAPTURE_AUTORELEASING = YES;
				CLANG_WARN_BOOL_CONVERSION = YES;
				CLANG_WARN_COMMA = YES;
				CLANG_WARN_CONSTANT_CONVERSION = YES;
				CLANG_WARN_DEPRECATED_OBJC_IMPLEMENTATIONS = YES;
				CLANG_WARN_DIRECT_OBJC_ISA_USAGE = YES_ERROR;
				CLANG_WARN_DOCUMENTATION_COMMENTS = YES;
				CLANG_WARN_EMPTY_BODY = YES;
				CLANG_WARN_ENUM_CONVERSION = YES;
				CLANG_WARN_INFINITE_RECURSION = YES;
				CLANG_WARN_INT_CONVERSION = YES;
				CLANG_WARN_NON_LITERAL_NULL_CONVERSION = YES;
				CLANG_WARN_OBJC_IMPLICIT_RETAIN_SELF = YES;
				CLANG_WARN_OBJC_LITERAL_CONVERSION = YES;
				CLANG_WARN_OBJC_ROOT_CLASS = YES_ERROR;
				CLANG_WARN_QUOTED_INCLUDE_IN_FRAMEWORK_HEADER = YES;
				CLANG_WARN_RANGE_LOOP_ANALYSIS = YES;
				CLANG_WARN_STRICT_PROTOTYPES = YES;
				CLANG_WARN_SUSPICIOUS_MOVE = YES;
				CLANG_WARN_UNGUARDED_AVAILABILITY = YES_AGGRESSIVE;
				CLANG_WARN_UNREACHABLE_CODE = YES;
				CLANG_WARN__DUPLICATE_METHOD_MATCH = YES;
				COPY_PHASE_STRIP = NO;
				DEBUG_INFORMATION_FORMAT = "dwarf-with-dsym";
				ENABLE_NS_ASSERTIONS = NO;
				ENABLE_STRICT_OBJC_MSGSEND = YES;
				GCC_C_LANGUAGE_STANDARD = gnu11;
				GCC_NO_COMMON_BLOCKS = YES;
				GCC_WARN_64_TO_32_BIT_CONVERSION = YES;
				GCC_WARN_ABOUT_RETURN_TYPE = YES_ERROR;
				GCC_WARN_UNDECLARED_SELECTOR = YES;
				GCC_WARN_UNINITIALIZED_AUTOS = YES_AGGRESSIVE;
				GCC_WARN_UNUSED_FUNCTION = YES;
				GCC_WARN_UNUSED_VARIABLE = YES;
				IPHONEOS_DEPLOYMENT_TARGET = 15.2;
				MTL_ENABLE_DEBUG_INFO = NO;
				MTL_FAST_MATH = YES;
				SDKROOT = iphoneos;
				SWIFT_COMPILATION_MODE = wholemodule;
				SWIFT_OPTIMIZATION_LEVEL = "-O";
				VALIDATE_PRODUCT = YES;
			};
			name = Release;
		};
		9C908852279E2B730037DD33 /* Debug */ = {
			isa = XCBuildConfiguration;
			baseConfigurationReference = 6A5F22850270F53FAC4CBBC7 /* Pods-Flix.debug.xcconfig */;
			buildSettings = {
				ASSETCATALOG_COMPILER_APPICON_NAME = AppIcon;
				ASSETCATALOG_COMPILER_GLOBAL_ACCENT_COLOR_NAME = AccentColor;
				CODE_SIGN_STYLE = Automatic;
				CURRENT_PROJECT_VERSION = 1;
				DEVELOPMENT_TEAM = Z85SBBL5QU;
				GENERATE_INFOPLIST_FILE = YES;
				INFOPLIST_FILE = Flix/Info.plist;
				INFOPLIST_KEY_UIApplicationSupportsIndirectInputEvents = YES;
				INFOPLIST_KEY_UILaunchStoryboardName = LaunchScreen;
				INFOPLIST_KEY_UIMainStoryboardFile = Main;
				INFOPLIST_KEY_UISupportedInterfaceOrientations_iPad = "UIInterfaceOrientationPortrait UIInterfaceOrientationPortraitUpsideDown UIInterfaceOrientationLandscapeLeft UIInterfaceOrientationLandscapeRight";
				INFOPLIST_KEY_UISupportedInterfaceOrientations_iPhone = "UIInterfaceOrientationPortrait UIInterfaceOrientationLandscapeLeft UIInterfaceOrientationLandscapeRight";
				LD_RUNPATH_SEARCH_PATHS = (
					"$(inherited)",
					"@executable_path/Frameworks",
				);
				MARKETING_VERSION = 1.0;
				PRODUCT_BUNDLE_IDENTIFIER = Personal.Flix;
				PRODUCT_NAME = "$(TARGET_NAME)";
				SWIFT_EMIT_LOC_STRINGS = YES;
				SWIFT_VERSION = 5.0;
				TARGETED_DEVICE_FAMILY = "1,2";
			};
			name = Debug;
		};
		9C908853279E2B730037DD33 /* Release */ = {
			isa = XCBuildConfiguration;
			baseConfigurationReference = 0892514FBF06F0B9EFD26551 /* Pods-Flix.release.xcconfig */;
			buildSettings = {
				ASSETCATALOG_COMPILER_APPICON_NAME = AppIcon;
				ASSETCATALOG_COMPILER_GLOBAL_ACCENT_COLOR_NAME = AccentColor;
				CODE_SIGN_STYLE = Automatic;
				CURRENT_PROJECT_VERSION = 1;
				DEVELOPMENT_TEAM = Z85SBBL5QU;
				GENERATE_INFOPLIST_FILE = YES;
				INFOPLIST_FILE = Flix/Info.plist;
				INFOPLIST_KEY_UIApplicationSupportsIndirectInputEvents = YES;
				INFOPLIST_KEY_UILaunchStoryboardName = LaunchScreen;
				INFOPLIST_KEY_UIMainStoryboardFile = Main;
				INFOPLIST_KEY_UISupportedInterfaceOrientations_iPad = "UIInterfaceOrientationPortrait UIInterfaceOrientationPortraitUpsideDown UIInterfaceOrientationLandscapeLeft UIInterfaceOrientationLandscapeRight";
				INFOPLIST_KEY_UISupportedInterfaceOrientations_iPhone = "UIInterfaceOrientationPortrait UIInterfaceOrientationLandscapeLeft UIInterfaceOrientationLandscapeRight";
				LD_RUNPATH_SEARCH_PATHS = (
					"$(inherited)",
					"@executable_path/Frameworks",
				);
				MARKETING_VERSION = 1.0;
				PRODUCT_BUNDLE_IDENTIFIER = Personal.Flix;
				PRODUCT_NAME = "$(TARGET_NAME)";
				SWIFT_EMIT_LOC_STRINGS = YES;
				SWIFT_VERSION = 5.0;
				TARGETED_DEVICE_FAMILY = "1,2";
			};
			name = Release;
		};
		9C908855279E2B730037DD33 /* Debug */ = {
			isa = XCBuildConfiguration;
			baseConfigurationReference = B49B9093B5E598C55F996D15 /* Pods-FlixTests.debug.xcconfig */;
			buildSettings = {
				ALWAYS_EMBED_SWIFT_STANDARD_LIBRARIES = YES;
				BUNDLE_LOADER = "$(TEST_HOST)";
				CODE_SIGN_STYLE = Automatic;
				CURRENT_PROJECT_VERSION = 1;
				DEVELOPMENT_TEAM = Z85SBBL5QU;
				GENERATE_INFOPLIST_FILE = YES;
				IPHONEOS_DEPLOYMENT_TARGET = 15.2;
				MARKETING_VERSION = 1.0;
				PRODUCT_BUNDLE_IDENTIFIER = Personal.FlixTests;
				PRODUCT_NAME = "$(TARGET_NAME)";
				SWIFT_EMIT_LOC_STRINGS = NO;
				SWIFT_VERSION = 5.0;
				TARGETED_DEVICE_FAMILY = "1,2";
				TEST_HOST = "$(BUILT_PRODUCTS_DIR)/Flix.app/Flix";
			};
			name = Debug;
		};
		9C908856279E2B730037DD33 /* Release */ = {
			isa = XCBuildConfiguration;
			baseConfigurationReference = 420391F3C4324C217AA8A700 /* Pods-FlixTests.release.xcconfig */;
			buildSettings = {
				ALWAYS_EMBED_SWIFT_STANDARD_LIBRARIES = YES;
				BUNDLE_LOADER = "$(TEST_HOST)";
				CODE_SIGN_STYLE = Automatic;
				CURRENT_PROJECT_VERSION = 1;
				DEVELOPMENT_TEAM = Z85SBBL5QU;
				GENERATE_INFOPLIST_FILE = YES;
				IPHONEOS_DEPLOYMENT_TARGET = 15.2;
				MARKETING_VERSION = 1.0;
				PRODUCT_BUNDLE_IDENTIFIER = Personal.FlixTests;
				PRODUCT_NAME = "$(TARGET_NAME)";
				SWIFT_EMIT_LOC_STRINGS = NO;
				SWIFT_VERSION = 5.0;
				TARGETED_DEVICE_FAMILY = "1,2";
				TEST_HOST = "$(BUILT_PRODUCTS_DIR)/Flix.app/Flix";
			};
			name = Release;
		};
		9C908858279E2B730037DD33 /* Debug */ = {
			isa = XCBuildConfiguration;
			baseConfigurationReference = 52A72BF3129EA9BF41B4A6D9 /* Pods-Flix-FlixUITests.debug.xcconfig */;
			buildSettings = {
				ALWAYS_EMBED_SWIFT_STANDARD_LIBRARIES = YES;
				CODE_SIGN_STYLE = Automatic;
				CURRENT_PROJECT_VERSION = 1;
				DEVELOPMENT_TEAM = Z85SBBL5QU;
				GENERATE_INFOPLIST_FILE = YES;
				MARKETING_VERSION = 1.0;
				PRODUCT_BUNDLE_IDENTIFIER = Personal.FlixUITests;
				PRODUCT_NAME = "$(TARGET_NAME)";
				SWIFT_EMIT_LOC_STRINGS = NO;
				SWIFT_VERSION = 5.0;
				TARGETED_DEVICE_FAMILY = "1,2";
				TEST_TARGET_NAME = Flix;
			};
			name = Debug;
		};
		9C908859279E2B730037DD33 /* Release */ = {
			isa = XCBuildConfiguration;
			baseConfigurationReference = 16775E7C4EA426A6DEC3D0EF /* Pods-Flix-FlixUITests.release.xcconfig */;
			buildSettings = {
				ALWAYS_EMBED_SWIFT_STANDARD_LIBRARIES = YES;
				CODE_SIGN_STYLE = Automatic;
				CURRENT_PROJECT_VERSION = 1;
				DEVELOPMENT_TEAM = Z85SBBL5QU;
				GENERATE_INFOPLIST_FILE = YES;
				MARKETING_VERSION = 1.0;
				PRODUCT_BUNDLE_IDENTIFIER = Personal.FlixUITests;
				PRODUCT_NAME = "$(TARGET_NAME)";
				SWIFT_EMIT_LOC_STRINGS = NO;
				SWIFT_VERSION = 5.0;
				TARGETED_DEVICE_FAMILY = "1,2";
				TEST_TARGET_NAME = Flix;
			};
			name = Release;
		};
/* End XCBuildConfiguration section */

/* Begin XCConfigurationList section */
		9C908822279E2B720037DD33 /* Build configuration list for PBXProject "Flix" */ = {
			isa = XCConfigurationList;
			buildConfigurations = (
				9C90884F279E2B730037DD33 /* Debug */,
				9C908850279E2B730037DD33 /* Release */,
			);
			defaultConfigurationIsVisible = 0;
			defaultConfigurationName = Release;
		};
		9C908851279E2B730037DD33 /* Build configuration list for PBXNativeTarget "Flix" */ = {
			isa = XCConfigurationList;
			buildConfigurations = (
				9C908852279E2B730037DD33 /* Debug */,
				9C908853279E2B730037DD33 /* Release */,
			);
			defaultConfigurationIsVisible = 0;
			defaultConfigurationName = Release;
		};
		9C908854279E2B730037DD33 /* Build configuration list for PBXNativeTarget "FlixTests" */ = {
			isa = XCConfigurationList;
			buildConfigurations = (
				9C908855279E2B730037DD33 /* Debug */,
				9C908856279E2B730037DD33 /* Release */,
			);
			defaultConfigurationIsVisible = 0;
			defaultConfigurationName = Release;
		};
		9C908857279E2B730037DD33 /* Build configuration list for PBXNativeTarget "FlixUITests" */ = {
			isa = XCConfigurationList;
			buildConfigurations = (
				9C908858279E2B730037DD33 /* Debug */,
				9C908859279E2B730037DD33 /* Release */,
			);
			defaultConfigurationIsVisible = 0;
			defaultConfigurationName = Release;
		};
/* End XCConfigurationList section */

/* Begin XCRemoteSwiftPackageReference section */
		9C90885C279E39650037DD33 /* XCRemoteSwiftPackageReference "AlamofireImage" */ = {
			isa = XCRemoteSwiftPackageReference;
			repositoryURL = "https://github.com/Alamofire/AlamofireImage";
			requirement = {
				branch = master;
				kind = branch;
			};
		};
/* End XCRemoteSwiftPackageReference section */

/* Begin XCSwiftPackageProductDependency section */
		9C90885D279E39650037DD33 /* AlamofireImage */ = {
			isa = XCSwiftPackageProductDependency;
			package = 9C90885C279E39650037DD33 /* XCRemoteSwiftPackageReference "AlamofireImage" */;
			productName = AlamofireImage;
		};
/* End XCSwiftPackageProductDependency section */
	};
	rootObject = 9C90881F279E2B720037DD33 /* Project object */;
}
